
Microsoft Visual Studio Solution File, Format Version 11.00
# Visual Studio 2010
Project("{8BC9CEB8-8B4A-11D0-8D11-00A0C91BC942}") = "Adcock_project3", "Adcock_project3\Adcock_project3.vcxproj", "{5A4DCC80-D89F-4634-B035-1D6E62B2810E}"
EndProject
Global
	GlobalSection(SolutionConfigurationPlatforms) = preSolution
		Debug|Win32 = Debug|Win32
		Release|Win32 = Release|Win32
	EndGlobalSection
	GlobalSection(ProjectConfigurationPlatforms) = postSolution
		{5A4DCC80-D89F-4634-B035-1D6E62B2810E}.Debug|Win32.ActiveCfg = Debug|Win32
		{5A4DCC80-D89F-4634-B035-1D6E62B2810E}.Debug|Win32.Build.0 = Debug|Win32
		{5A4DCC80-D89F-4634-B035-1D6E62B2810E}.Release|Win32.ActiveCfg = Release|Win32
		{5A4DCC80-D89F-4634-B035-1D6E62B2810E}.Release|Win32.Build.0 = Release|Win32
	EndGlobalSection
	GlobalSection(SolutionProperties) = preSolution
		HideSolutionNode = FALSE
	EndGlobalSection
EndGlobal
